{
  "name": "testtest",
  "version": "1.0.0",
  "lockfileVersion": 1,
  "requires": true,
  "dependencies": {
    "editions": {
      "version": "2.1.0",
      "resolved": "https://registry.npmjs.org/editions/-/editions-2.1.0.tgz",
      "integrity": "sha512-yKrimWcvOXcYXtqsOeebbMLynm9qbYVd0005wveGU2biPxJaJoxA0jtaZrxiMe3mAanLr5lxoYFVz5zjv9JdnA==",
      "requires": {
        "errlop": "^1.0.3",
        "semver": "^5.6.0"
      }
    },
    "errlop": {
      "version": "1.1.0",
      "resolved": "https://registry.npmjs.org/errlop/-/errlop-1.1.0.tgz",
      "integrity": "sha512-/2n5zLBAfA5F8z7RIPB5Ts4KDsCjtqu8ynWFylC0NvSSvYRSTWHRnUpP7y2ZlRmwleEPWY7s3Y7Lk8Wa7AfY/A==",
      "requires": {
        "editions": "^2.1.0"
      }
    },
    "semver": {
      "version": "5.6.0",
      "resolved": "https://registry.npmjs.org/semver/-/semver-5.6.0.tgz",
      "integrity": "sha512-RS9R6R35NYgQn++fkDWaOmqGoj4Ek9gGs+DPxNUZKuwE183xjJroKvyo1IzVFeXvUrvmALy6FWD5xrdJT25gMg=="
    }
  }
}
